
Microsoft Visual Studio Solution File, Format Version 12.00
# Visual Studio Version 16
VisualStudioVersion = 16.0.31005.135
MinimumVisualStudioVersion = 10.0.40219.1
Project("{FAE04EC0-301F-11D3-BF4B-00C04F79EFBC}") = "TTMTool", "TTMTool\TTMTool.csproj", "{A2C51046-6B25-4A15-9A34-F7E16C681679}"
EndProject
Global
	GlobalSection(SolutionConfigurationPlatforms) = preSolution
		Debug|Any CPU = Debug|Any CPU
		Release|Any CPU = Release|Any CPU
	EndGlobalSection
	GlobalSection(ProjectConfigurationPlatforms) = postSolution
		{A2C51046-6B25-4A15-9A34-F7E16C681679}.Debug|Any CPU.ActiveCfg = Debug|Any CPU
		{A2C51046-6B25-4A15-9A34-F7E16C681679}.Debug|Any CPU.Build.0 = Debug|Any CPU
		{A2C51046-6B25-4A15-9A34-F7E16C681679}.Release|Any CPU.ActiveCfg = Release|Any CPU
		{A2C51046-6B25-4A15-9A34-F7E16C681679}.Release|Any CPU.Build.0 = Release|Any CPU
	EndGlobalSection
	GlobalSection(SolutionProperties) = preSolution
		HideSolutionNode = FALSE
	EndGlobalSection
	GlobalSection(ExtensibilityGlobals) = postSolution
		SolutionGuid = {79BF6D23-A005-4169-87E2-31839F571DC3}
	EndGlobalSection
EndGlobal
